
Microsoft Visual Studio Solution File, Format Version 12.00
# Visual Studio Version 16
VisualStudioVersion = 16.0.30204.135
MinimumVisualStudioVersion = 10.0.40219.1
Project("{FAE04EC0-301F-11D3-BF4B-00C04F79EFBC}") = "App1.Android", "App1.Android\App1.Android.csproj", "{E9ABB19D-0263-45A7-83BF-0EA2E00BA16D}"
EndProject
Project("{FAE04EC0-301F-11D3-BF4B-00C04F79EFBC}") = "App1.iOS", "App1.iOS\App1.iOS.csproj", "{FDF940A4-7881-4FA7-A31B-E6C5E48BA114}"
EndProject
Project("{FAE04EC0-301F-11D3-BF4B-00C04F79EFBC}") = "App1", "App1\App1.csproj", "{23E444EB-C456-42E6-80D9-4E033D8AFA04}"
EndProject
Global
	GlobalSection(SolutionConfigurationPlatforms) = preSolution
		Debug|Any CPU = Debug|Any CPU
		Debug|iPhone = Debug|iPhone
		Debug|iPhoneSimulator = Debug|iPhoneSimulator
		Release|Any CPU = Release|Any CPU
		Release|iPhone = Release|iPhone
		Release|iPhoneSimulator = Release|iPhoneSimulator
	EndGlobalSection
	GlobalSection(ProjectConfigurationPlatforms) = postSolution
		{E9ABB19D-0263-45A7-83BF-0EA2E00BA16D}.Debug|Any CPU.ActiveCfg = Debug|Any CPU
		{E9ABB19D-0263-45A7-83BF-0EA2E00BA16D}.Debug|Any CPU.Build.0 = Debug|Any CPU
		{E9ABB19D-0263-45A7-83BF-0EA2E00BA16D}.Debug|Any CPU.Deploy.0 = Debug|Any CPU
		{E9ABB19D-0263-45A7-83BF-0EA2E00BA16D}.Debug|iPhone.ActiveCfg = Debug|Any CPU
		{E9ABB19D-0263-45A7-83BF-0EA2E00BA16D}.Debug|iPhone.Build.0 = Debug|Any CPU
		{E9ABB19D-0263-45A7-83BF-0EA2E00BA16D}.Debug|iPhone.Deploy.0 = Debug|Any CPU
		{E9ABB19D-0263-45A7-83BF-0EA2E00BA16D}.Debug|iPhoneSimulator.ActiveCfg = Debug|Any CPU
		{E9ABB19D-0263-45A7-83BF-0EA2E00BA16D}.Debug|iPhoneSimulator.Build.0 = Debug|Any CPU
		{E9ABB19D-0263-45A7-83BF-0EA2E00BA16D}.Debug|iPhoneSimulator.Deploy.0 = Debug|Any CPU
		{E9ABB19D-0263-45A7-83BF-0EA2E00BA16D}.Release|Any CPU.ActiveCfg = Release|Any CPU
		{E9ABB19D-0263-45A7-83BF-0EA2E00BA16D}.Release|Any CPU.Build.0 = Release|Any CPU
		{E9ABB19D-0263-45A7-83BF-0EA2E00BA16D}.Release|Any CPU.Deploy.0 = Release|Any CPU
		{E9ABB19D-0263-45A7-83BF-0EA2E00BA16D}.Release|iPhone.ActiveCfg = Release|Any CPU
		{E9ABB19D-0263-45A7-83BF-0EA2E00BA16D}.Release|iPhone.Build.0 = Release|Any CPU
		{E9ABB19D-0263-45A7-83BF-0EA2E00BA16D}.Release|iPhone.Deploy.0 = Release|Any CPU
		{E9ABB19D-0263-45A7-83BF-0EA2E00BA16D}.Release|iPhoneSimulator.ActiveCfg = Release|Any CPU
		{E9ABB19D-0263-45A7-83BF-0EA2E00BA16D}.Release|iPhoneSimulator.Build.0 = Release|Any CPU
		{E9ABB19D-0263-45A7-83BF-0EA2E00BA16D}.Release|iPhoneSimulator.Deploy.0 = Release|Any CPU
		{FDF940A4-7881-4FA7-A31B-E6C5E48BA114}.Debug|Any CPU.ActiveCfg = Debug|iPhone
		{FDF940A4-7881-4FA7-A31B-E6C5E48BA114}.Debug|Any CPU.Build.0 = Debug|iPhone
		{FDF940A4-7881-4FA7-A31B-E6C5E48BA114}.Debug|Any CPU.Deploy.0 = Debug|iPhone
		{FDF940A4-7881-4FA7-A31B-E6C5E48BA114}.Debug|iPhone.ActiveCfg = Debug|iPhone
		{FDF940A4-7881-4FA7-A31B-E6C5E48BA114}.Debug|iPhone.Build.0 = Debug|iPhone
		{FDF940A4-7881-4FA7-A31B-E6C5E48BA114}.Debug|iPhone.Deploy.0 = Debug|iPhone
		{FDF940A4-7881-4FA7-A31B-E6C5E48BA114}.Debug|iPhoneSimulator.ActiveCfg = Debug|iPhoneSimulator
		{FDF940A4-7881-4FA7-A31B-E6C5E48BA114}.Debug|iPhoneSimulator.Build.0 = Debug|iPhoneSimulator
		{FDF940A4-7881-4FA7-A31B-E6C5E48BA114}.Debug|iPhoneSimulator.Deploy.0 = Debug|iPhoneSimulator
		{FDF940A4-7881-4FA7-A31B-E6C5E48BA114}.Release|Any CPU.ActiveCfg = Release|iPhone
		{FDF940A4-7881-4FA7-A31B-E6C5E48BA114}.Release|Any CPU.Build.0 = Release|iPhone
		{FDF940A4-7881-4FA7-A31B-E6C5E48BA114}.Release|Any CPU.Deploy.0 = Release|iPhone
		{FDF940A4-7881-4FA7-A31B-E6C5E48BA114}.Release|iPhone.ActiveCfg = Release|iPhone
		{FDF940A4-7881-4FA7-A31B-E6C5E48BA114}.Release|iPhone.Build.0 = Release|iPhone
		{FDF940A4-7881-4FA7-A31B-E6C5E48BA114}.Release|iPhone.Deploy.0 = Release|iPhone
		{FDF940A4-7881-4FA7-A31B-E6C5E48BA114}.Release|iPhoneSimulator.ActiveCfg = Release|iPhoneSimulator
		{FDF940A4-7881-4FA7-A31B-E6C5E48BA114}.Release|iPhoneSimulator.Build.0 = Release|iPhoneSimulator
		{FDF940A4-7881-4FA7-A31B-E6C5E48BA114}.Release|iPhoneSimulator.Deploy.0 = Release|iPhoneSimulator
		{23E444EB-C456-42E6-80D9-4E033D8AFA04}.Debug|Any CPU.ActiveCfg = Debug|Any CPU
		{23E444EB-C456-42E6-80D9-4E033D8AFA04}.Debug|Any CPU.Build.0 = Debug|Any CPU
		{23E444EB-C456-42E6-80D9-4E033D8AFA04}.Debug|Any CPU.Deploy.0 = Debug|Any CPU
		{23E444EB-C456-42E6-80D9-4E033D8AFA04}.Debug|iPhone.ActiveCfg = Debug|Any CPU
		{23E444EB-C456-42E6-80D9-4E033D8AFA04}.Debug|iPhone.Build.0 = Debug|Any CPU
		{23E444EB-C456-42E6-80D9-4E033D8AFA04}.Debug|iPhone.Deploy.0 = Debug|Any CPU
		{23E444EB-C456-42E6-80D9-4E033D8AFA04}.Debug|iPhoneSimulator.ActiveCfg = Debug|Any CPU
		{23E444EB-C456-42E6-80D9-4E033D8AFA04}.Debug|iPhoneSimulator.Build.0 = Debug|Any CPU
		{23E444EB-C456-42E6-80D9-4E033D8AFA04}.Debug|iPhoneSimulator.Deploy.0 = Debug|Any CPU
		{23E444EB-C456-42E6-80D9-4E033D8AFA04}.Release|Any CPU.ActiveCfg = Release|Any CPU
		{23E444EB-C456-42E6-80D9-4E033D8AFA04}.Release|Any CPU.Build.0 = Release|Any CPU
		{23E444EB-C456-42E6-80D9-4E033D8AFA04}.Release|Any CPU.Deploy.0 = Release|Any CPU
		{23E444EB-C456-42E6-80D9-4E033D8AFA04}.Release|iPhone.ActiveCfg = Release|Any CPU
		{23E444EB-C456-42E6-80D9-4E033D8AFA04}.Release|iPhone.Build.0 = Release|Any CPU
		{23E444EB-C456-42E6-80D9-4E033D8AFA04}.Release|iPhone.Deploy.0 = Release|Any CPU
		{23E444EB-C456-42E6-80D9-4E033D8AFA04}.Release|iPhoneSimulator.ActiveCfg = Release|Any CPU
		{23E444EB-C456-42E6-80D9-4E033D8AFA04}.Release|iPhoneSimulator.Build.0 = Release|Any CPU
		{23E444EB-C456-42E6-80D9-4E033D8AFA04}.Release|iPhoneSimulator.Deploy.0 = Release|Any CPU
	EndGlobalSection
	GlobalSection(SolutionProperties) = preSolution
		HideSolutionNode = FALSE
	EndGlobalSection
	GlobalSection(ExtensibilityGlobals) = postSolution
		SolutionGuid = {1F012AB8-6BB2-4890-A3A3-73C38D27D6AC}
	EndGlobalSection
EndGlobal
